
Microsoft Visual Studio Solution File, Format Version 12.00
# Visual Studio Version 17
VisualStudioVersion = 17.11.35431.28
MinimumVisualStudioVersion = 10.0.40219.1
Project("{FAE04EC0-301F-11D3-BF4B-00C04F79EFBC}") = "APITesting", "APITesting\APITesting.csproj", "{5FBC0AE5-B31C-428B-AFDE-D0A387BFA282}"
EndProject
Global
	GlobalSection(SolutionConfigurationPlatforms) = preSolution
		Debug|Any CPU = Debug|Any CPU
		Release|Any CPU = Release|Any CPU
	EndGlobalSection
	GlobalSection(ProjectConfigurationPlatforms) = postSolution
		{5FBC0AE5-B31C-428B-AFDE-D0A387BFA282}.Debug|Any CPU.ActiveCfg = Debug|Any CPU
		{5FBC0AE5-B31C-428B-AFDE-D0A387BFA282}.Debug|Any CPU.Build.0 = Debug|Any CPU
		{5FBC0AE5-B31C-428B-AFDE-D0A387BFA282}.Release|Any CPU.ActiveCfg = Release|Any CPU
		{5FBC0AE5-B31C-428B-AFDE-D0A387BFA282}.Release|Any CPU.Build.0 = Release|Any CPU
	EndGlobalSection
	GlobalSection(SolutionProperties) = preSolution
		HideSolutionNode = FALSE
	EndGlobalSection
	GlobalSection(ExtensibilityGlobals) = postSolution
		SolutionGuid = {9C8386A3-3DE2-460D-9751-B4DA042EE841}
	EndGlobalSection
EndGlobal
